// !$*UTF8*$!
{
	archiveVersion = 1;
	classes = {
	};
	objectVersion = 56;
	objects = {

/* Begin PBXBuildFile section */
		DE6A0DAA2A6E00510056E246 /* AppDelegate.swift in Sources */ = {isa = PBXBuildFile; fileRef = DE6A0DA92A6E00510056E246 /* AppDelegate.swift */; };
		DE6A0DAC2A6E00510056E246 /* SceneDelegate.swift in Sources */ = {isa = PBXBuildFile; fileRef = DE6A0DAB2A6E00510056E246 /* SceneDelegate.swift */; };
		DE6A0DAE2A6E00510056E246 /* ViewController.swift in Sources */ = {isa = PBXBuildFile; fileRef = DE6A0DAD2A6E00510056E246 /* ViewController.swift */; };
		DE6A0DB12A6E00510056E246 /* Main.storyboard in Resources */ = {isa = PBXBuildFile; fileRef = DE6A0DAF2A6E00510056E246 /* Main.storyboard */; };
		DE6A0DB32A6E00510056E246 /* Assets.xcassets in Resources */ = {isa = PBXBuildFile; fileRef = DE6A0DB22A6E00510056E246 /* Assets.xcassets */; };
		DE6A0DB62A6E00510056E246 /* LaunchScreen.storyboard in Resources */ = {isa = PBXBuildFile; fileRef = DE6A0DB42A6E00510056E246 /* LaunchScreen.storyboard */; };
		DE6A0DCA2A6EDB0A0056E246 /* 3.jpg in Resources */ = {isa = PBXBuildFile; fileRef = DE6A0DBE2A6EDB090056E246 /* 3.jpg */; };
		DE6A0DCB2A6EDB0A0056E246 /* 10.jpg in Resources */ = {isa = PBXBuildFile; fileRef = DE6A0DBF2A6EDB090056E246 /* 10.jpg */; };
		DE6A0DCC2A6EDB0A0056E246 /* 11.jpg in Resources */ = {isa = PBXBuildFile; fileRef = DE6A0DC02A6EDB0A0056E246 /* 11.jpg */; };
		DE6A0DCD2A6EDB0A0056E246 /* 6.jpg in Resources */ = {isa = PBXBuildFile; fileRef = DE6A0DC12A6EDB0A0056E246 /* 6.jpg */; };
		DE6A0DCE2A6EDB0A0056E246 /* dataset.json in Resources */ = {isa = PBXBuildFile; fileRef = DE6A0DC22A6EDB0A0056E246 /* dataset.json */; };
		DE6A0DCF2A6EDB0A0056E246 /* 1.jpg in Resources */ = {isa = PBXBuildFile; fileRef = DE6A0DC32A6EDB0A0056E246 /* 1.jpg */; };
		DE6A0DD02A6EDB0A0056E246 /* 2.jpg in Resources */ = {isa = PBXBuildFile; fileRef = DE6A0DC42A6EDB0A0056E246 /* 2.jpg */; };
		DE6A0DD12A6EDB0A0056E246 /* 8.jpg in Resources */ = {isa = PBXBuildFile; fileRef = DE6A0DC52A6EDB0A0056E246 /* 8.jpg */; };
		DE6A0DD22A6EDB0A0056E246 /* 9.jpg in Resources */ = {isa = PBXBuildFile; fileRef = DE6A0DC62A6EDB0A0056E246 /* 9.jpg */; };
		DE6A0DD32A6EDB0A0056E246 /* 4.jpg in Resources */ = {isa = PBXBuildFile; fileRef = DE6A0DC72A6EDB0A0056E246 /* 4.jpg */; };
		DE6A0DD42A6EDB0A0056E246 /* 7.jpg in Resources */ = {isa = PBXBuildFile; fileRef = DE6A0DC82A6EDB0A0056E246 /* 7.jpg */; };
		DE6A0DD52A6EDB0A0056E246 /* 5.jpg in Resources */ = {isa = PBXBuildFile; fileRef = DE6A0DC92A6EDB0A0056E246 /* 5.jpg */; };
		DE6A0DD82A6EDD210056E246 /* Picture.swift in Sources */ = {isa = PBXBuildFile; fileRef = DE6A0DD72A6EDD210056E246 /* Picture.swift */; };
		DE6A0DDA2A78875B0056E246 /* PictureAnnotation.swift in Sources */ = {isa = PBXBuildFile; fileRef = DE6A0DD92A78875B0056E246 /* PictureAnnotation.swift */; };
		DE6A0DDC2A7939570056E246 /* PictureAnnotationView.swift in Sources */ = {isa = PBXBuildFile; fileRef = DE6A0DDB2A7939570056E246 /* PictureAnnotationView.swift */; };
/* End PBXBuildFile section */

/* Begin PBXFileReference section */
		DE6A0DA62A6E00510056E246 /* MapPicture.app */ = {isa = PBXFileReference; explicitFileType = wrapper.application; includeInIndex = 0; path = MapPicture.app; sourceTree = BUILT_PRODUCTS_DIR; };
		DE6A0DA92A6E00510056E246 /* AppDelegate.swift */ = {isa = PBXFileReference; lastKnownFileType = sourcecode.swift; path = AppDelegate.swift; sourceTree = "<group>"; };
		DE6A0DAB2A6E00510056E246 /* SceneDelegate.swift */ = {isa = PBXFileReference; lastKnownFileType = sourcecode.swift; path = SceneDelegate.swift; sourceTree = "<group>"; };
		DE6A0DAD2A6E00510056E246 /* ViewController.swift */ = {isa = PBXFileReference; lastKnownFileType = sourcecode.swift; path = ViewController.swift; sourceTree = "<group>"; };
		DE6A0DB02A6E00510056E246 /* Base */ = {isa = PBXFileReference; lastKnownFileType = file.storyboard; name = Base; path = Base.lproj/Main.storyboard; sourceTree = "<group>"; };
		DE6A0DB22A6E00510056E246 /* Assets.xcassets */ = {isa = PBXFileReference; lastKnownFileType = folder.assetcatalog; path = Assets.xcassets; sourceTree = "<group>"; };
		DE6A0DB52A6E00510056E246 /* Base */ = {isa = PBXFileReference; lastKnownFileType = file.storyboard; name = Base; path = Base.lproj/LaunchScreen.storyboard; sourceTree = "<group>"; };
		DE6A0DB72A6E00510056E246 /* Info.plist */ = {isa = PBXFileReference; lastKnownFileType = text.plist.xml; path = Info.plist; sourceTree = "<group>"; };
		DE6A0DBE2A6EDB090056E246 /* 3.jpg */ = {isa = PBXFileReference; lastKnownFileType = image.jpeg; path = 3.jpg; sourceTree = "<group>"; };
		DE6A0DBF2A6EDB090056E246 /* 10.jpg */ = {isa = PBXFileReference; lastKnownFileType = image.jpeg; path = 10.jpg; sourceTree = "<group>"; };
		DE6A0DC02A6EDB0A0056E246 /* 11.jpg */ = {isa = PBXFileReference; lastKnownFileType = image.jpeg; path = 11.jpg; sourceTree = "<group>"; };
		DE6A0DC12A6EDB0A0056E246 /* 6.jpg */ = {isa = PBXFileReference; lastKnownFileType = image.jpeg; path = 6.jpg; sourceTree = "<group>"; };
		DE6A0DC22A6EDB0A0056E246 /* dataset.json */ = {isa = PBXFileReference; fileEncoding = 4; lastKnownFileType = text.json; path = dataset.json; sourceTree = "<group>"; };
		DE6A0DC32A6EDB0A0056E246 /* 1.jpg */ = {isa = PBXFileReference; lastKnownFileType = image.jpeg; path = 1.jpg; sourceTree = "<group>"; };
		DE6A0DC42A6EDB0A0056E246 /* 2.jpg */ = {isa = PBXFileReference; lastKnownFileType = image.jpeg; path = 2.jpg; sourceTree = "<group>"; };
		DE6A0DC52A6EDB0A0056E246 /* 8.jpg */ = {isa = PBXFileReference; lastKnownFileType = image.jpeg; path = 8.jpg; sourceTree = "<group>"; };
		DE6A0DC62A6EDB0A0056E246 /* 9.jpg */ = {isa = PBXFileReference; lastKnownFileType = image.jpeg; path = 9.jpg; sourceTree = "<group>"; };
		DE6A0DC72A6EDB0A0056E246 /* 4.jpg */ = {isa = PBXFileReference; lastKnownFileType = image.jpeg; path = 4.jpg; sourceTree = "<group>"; };
		DE6A0DC82A6EDB0A0056E246 /* 7.jpg */ = {isa = PBXFileReference; lastKnownFileType = image.jpeg; path = 7.jpg; sourceTree = "<group>"; };
		DE6A0DC92A6EDB0A0056E246 /* 5.jpg */ = {isa = PBXFileReference; lastKnownFileType = image.jpeg; path = 5.jpg; sourceTree = "<group>"; };
		DE6A0DD72A6EDD210056E246 /* Picture.swift */ = {isa = PBXFileReference; lastKnownFileType = sourcecode.swift; path = Picture.swift; sourceTree = "<group>"; };
		DE6A0DD92A78875B0056E246 /* PictureAnnotation.swift */ = {isa = PBXFileReference; lastKnownFileType = sourcecode.swift; path = PictureAnnotation.swift; sourceTree = "<group>"; };
		DE6A0DDB2A7939570056E246 /* PictureAnnotationView.swift */ = {isa = PBXFileReference; lastKnownFileType = sourcecode.swift; path = PictureAnnotationView.swift; sourceTree = "<group>"; };
/* End PBXFileReference section */

/* Begin PBXFrameworksBuildPhase section */
		DE6A0DA32A6E00500056E246 /* Frameworks */ = {
			isa = PBXFrameworksBuildPhase;
			buildActionMask = 2147483647;
			files = (
			);
			runOnlyForDeploymentPostprocessing = 0;
		};
/* End PBXFrameworksBuildPhase section */

/* Begin PBXGroup section */
		DE6A0D9D2A6E00500056E246 = {
			isa = PBXGroup;
			children = (
				DE6A0DA82A6E00510056E246 /* MapPicture */,
				DE6A0DA72A6E00510056E246 /* Products */,
			);
			sourceTree = "<group>";
		};
		DE6A0DA72A6E00510056E246 /* Products */ = {
			isa = PBXGroup;
			children = (
				DE6A0DA62A6E00510056E246 /* MapPicture.app */,
			);
			name = Products;
			sourceTree = "<group>";
		};
		DE6A0DA82A6E00510056E246 /* MapPicture */ = {
			isa = PBXGroup;
			children = (
				DE6A0DD62A6EDB1E0056E246 /* Model */,
				DE6A0DBD2A6ED8960056E246 /* Data */,
				DE6A0DA92A6E00510056E246 /* AppDelegate.swift */,
				DE6A0DAB2A6E00510056E246 /* SceneDelegate.swift */,
				DE6A0DAD2A6E00510056E246 /* ViewController.swift */,
				DE6A0DDB2A7939570056E246 /* PictureAnnotationView.swift */,
				DE6A0DAF2A6E00510056E246 /* Main.storyboard */,
				DE6A0DB22A6E00510056E246 /* Assets.xcassets */,
				DE6A0DB42A6E00510056E246 /* LaunchScreen.storyboard */,
				DE6A0DB72A6E00510056E246 /* Info.plist */,
			);
			path = MapPicture;
			sourceTree = "<group>";
		};
		DE6A0DBD2A6ED8960056E246 /* Data */ = {
			isa = PBXGroup;
			children = (
				DE6A0DC32A6EDB0A0056E246 /* 1.jpg */,
				DE6A0DC42A6EDB0A0056E246 /* 2.jpg */,
				DE6A0DBE2A6EDB090056E246 /* 3.jpg */,
				DE6A0DC72A6EDB0A0056E246 /* 4.jpg */,
				DE6A0DC92A6EDB0A0056E246 /* 5.jpg */,
				DE6A0DC12A6EDB0A0056E246 /* 6.jpg */,
				DE6A0DC82A6EDB0A0056E246 /* 7.jpg */,
				DE6A0DC52A6EDB0A0056E246 /* 8.jpg */,
				DE6A0DC62A6EDB0A0056E246 /* 9.jpg */,
				DE6A0DBF2A6EDB090056E246 /* 10.jpg */,
				DE6A0DC02A6EDB0A0056E246 /* 11.jpg */,
				DE6A0DC22A6EDB0A0056E246 /* dataset.json */,
			);
			path = Data;
			sourceTree = "<group>";
		};
		DE6A0DD62A6EDB1E0056E246 /* Model */ = {
			isa = PBXGroup;
			children = (
				DE6A0DD72A6EDD210056E246 /* Picture.swift */,
				DE6A0DD92A78875B0056E246 /* PictureAnnotation.swift */,
			);
			path = Model;
			sourceTree = "<group>";
		};
/* End PBXGroup section */

/* Begin PBXNativeTarget section */
		DE6A0DA52A6E00500056E246 /* MapPicture */ = {
			isa = PBXNativeTarget;
			buildConfigurationList = DE6A0DBA2A6E00510056E246 /* Build configuration list for PBXNativeTarget "MapPicture" */;
			buildPhases = (
				DE6A0DA22A6E00500056E246 /* Sources */,
				DE6A0DA32A6E00500056E246 /* Frameworks */,
				DE6A0DA42A6E00500056E246 /* Resources */,
			);
			buildRules = (
			);
			dependencies = (
			);
			name = MapPicture;
			productName = MapPicture;
			productReference = DE6A0DA62A6E00510056E246 /* MapPicture.app */;
			productType = "com.apple.product-type.application";
		};
/* End PBXNativeTarget section */

/* Begin PBXProject section */
		DE6A0D9E2A6E00500056E246 /* Project object */ = {
			isa = PBXProject;
			attributes = {
				BuildIndependentTargetsInParallel = 1;
				LastSwiftUpdateCheck = 1430;
				LastUpgradeCheck = 1430;
				TargetAttributes = {
					DE6A0DA52A6E00500056E246 = {
						CreatedOnToolsVersion = 14.3.1;
					};
				};
			};
			buildConfigurationList = DE6A0DA12A6E00500056E246 /* Build configuration list for PBXProject "MapPicture" */;
			compatibilityVersion = "Xcode 14.0";
			developmentRegion = en;
			hasScannedForEncodings = 0;
			knownRegions = (
				en,
				Base,
			);
			mainGroup = DE6A0D9D2A6E00500056E246;
			productRefGroup = DE6A0DA72A6E00510056E246 /* Products */;
			projectDirPath = "";
			projectRoot = "";
			targets = (
				DE6A0DA52A6E00500056E246 /* MapPicture */,
			);
		};
/* End PBXProject section */

/* Begin PBXResourcesBuildPhase section */
		DE6A0DA42A6E00500056E246 /* Resources */ = {
			isa = PBXResourcesBuildPhase;
			buildActionMask = 2147483647;
			files = (
				DE6A0DD12A6EDB0A0056E246 /* 8.jpg in Resources */,
				DE6A0DCD2A6EDB0A0056E246 /* 6.jpg in Resources */,
				DE6A0DCB2A6EDB0A0056E246 /* 10.jpg in Resources */,
				DE6A0DD42A6EDB0A0056E246 /* 7.jpg in Resources */,
				DE6A0DD02A6EDB0A0056E246 /* 2.jpg in Resources */,
				DE6A0DCE2A6EDB0A0056E246 /* dataset.json in Resources */,
				DE6A0DD52A6EDB0A0056E246 /* 5.jpg in Resources */,
				DE6A0DB62A6E00510056E246 /* LaunchScreen.storyboard in Resources */,
				DE6A0DB32A6E00510056E246 /* Assets.xcassets in Resources */,
				DE6A0DCC2A6EDB0A0056E246 /* 11.jpg in Resources */,
				DE6A0DCF2A6EDB0A0056E246 /* 1.jpg in Resources */,
				DE6A0DD22A6EDB0A0056E246 /* 9.jpg in Resources */,
				DE6A0DB12A6E00510056E246 /* Main.storyboard in Resources */,
				DE6A0DCA2A6EDB0A0056E246 /* 3.jpg in Resources */,
				DE6A0DD32A6EDB0A0056E246 /* 4.jpg in Resources */,
			);
			runOnlyForDeploymentPostprocessing = 0;
		};
/* End PBXResourcesBuildPhase section */

/* Begin PBXSourcesBuildPhase section */
		DE6A0DA22A6E00500056E246 /* Sources */ = {
			isa = PBXSourcesBuildPhase;
			buildActionMask = 2147483647;
			files = (
				DE6A0DD82A6EDD210056E246 /* Picture.swift in Sources */,
				DE6A0DAE2A6E00510056E246 /* ViewController.swift in Sources */,
				DE6A0DDC2A7939570056E246 /* PictureAnnotationView.swift in Sources */,
				DE6A0DDA2A78875B0056E246 /* PictureAnnotation.swift in Sources */,
				DE6A0DAA2A6E00510056E246 /* AppDelegate.swift in Sources */,
				DE6A0DAC2A6E00510056E246 /* SceneDelegate.swift in Sources */,
			);
			runOnlyForDeploymentPostprocessing = 0;
		};
/* End PBXSourcesBuildPhase section */

/* Begin PBXVariantGroup section */
		DE6A0DAF2A6E00510056E246 /* Main.storyboard */ = {
			isa = PBXVariantGroup;
			children = (
				DE6A0DB02A6E00510056E246 /* Base */,
			);
			name = Main.storyboard;
			sourceTree = "<group>";
		};
		DE6A0DB42A6E00510056E246 /* LaunchScreen.storyboard */ = {
			isa = PBXVariantGroup;
			children = (
				DE6A0DB52A6E00510056E246 /* Base */,
			);
			name = LaunchScreen.storyboard;
			sourceTree = "<group>";
		};
/* End PBXVariantGroup section */

/* Begin XCBuildConfiguration section */
		DE6A0DB82A6E00510056E246 /* Debug */ = {
			isa = XCBuildConfiguration;
			buildSettings = {
				ALWAYS_SEARCH_USER_PATHS = NO;
				CLANG_ANALYZER_NONNULL = YES;
				CLANG_ANALYZER_NUMBER_OBJECT_CONVERSION = YES_AGGRESSIVE;
				CLANG_CXX_LANGUAGE_STANDARD = "gnu++20";
				CLANG_ENABLE_MODULES = YES;
				CLANG_ENABLE_OBJC_ARC = YES;
				CLANG_ENABLE_OBJC_WEAK = YES;
				CLANG_WARN_BLOCK_CAPTURE_AUTORELEASING = YES;
				CLANG_WARN_BOOL_CONVERSION = YES;
				CLANG_WARN_COMMA = YES;
				CLANG_WARN_CONSTANT_CONVERSION = YES;
				CLANG_WARN_DEPRECATED_OBJC_IMPLEMENTATIONS = YES;
				CLANG_WARN_DIRECT_OBJC_ISA_USAGE = YES_ERROR;
				CLANG_WARN_DOCUMENTATION_COMMENTS = YES;
				CLANG_WARN_EMPTY_BODY = YES;
				CLANG_WARN_ENUM_CONVERSION = YES;
				CLANG_WARN_INFINITE_RECURSION = YES;
				CLANG_WARN_INT_CONVERSION = YES;
				CLANG_WARN_NON_LITERAL_NULL_CONVERSION = YES;
				CLANG_WARN_OBJC_IMPLICIT_RETAIN_SELF = YES;
				CLANG_WARN_OBJC_LITERAL_CONVERSION = YES;
				CLANG_WARN_OBJC_ROOT_CLASS = YES_ERROR;
				CLANG_WARN_QUOTED_INCLUDE_IN_FRAMEWORK_HEADER = YES;
				CLANG_WARN_RANGE_LOOP_ANALYSIS = YES;
				CLANG_WARN_STRICT_PROTOTYPES = YES;
				CLANG_WARN_SUSPICIOUS_MOVE = YES;
				CLANG_WARN_UNGUARDED_AVAILABILITY = YES_AGGRESSIVE;
				CLANG_WARN_UNREACHABLE_CODE = YES;
				CLANG_WARN__DUPLICATE_METHOD_MATCH = YES;
				COPY_PHASE_STRIP = NO;
				DEBUG_INFORMATION_FORMAT = dwarf;
				ENABLE_STRICT_OBJC_MSGSEND = YES;
				ENABLE_TESTABILITY = YES;
				GCC_C_LANGUAGE_STANDARD = gnu11;
				GCC_DYNAMIC_NO_PIC = NO;
				GCC_NO_COMMON_BLOCKS = YES;
				GCC_OPTIMIZATION_LEVEL = 0;
				GCC_PREPROCESSOR_DEFINITIONS = (
					"DEBUG=1",
					"$(inherited)",
				);
				GCC_WARN_64_TO_32_BIT_CONVERSION = YES;
				GCC_WARN_ABOUT_RETURN_TYPE = YES_ERROR;
				GCC_WARN_UNDECLARED_SELECTOR = YES;
				GCC_WARN_UNINITIALIZED_AUTOS = YES_AGGRESSIVE;
				GCC_WARN_UNUSED_FUNCTION = YES;
				GCC_WARN_UNUSED_VARIABLE = YES;
				IPHONEOS_DEPLOYMENT_TARGET = 16.4;
				MTL_ENABLE_DEBUG_INFO = INCLUDE_SOURCE;
				MTL_FAST_MATH = YES;
				ONLY_ACTIVE_ARCH = YES;
				SDKROOT = iphoneos;
				SWIFT_ACTIVE_COMPILATION_CONDITIONS = DEBUG;
				SWIFT_OPTIMIZATION_LEVEL = "-Onone";
			};
			name = Debug;
		};
		DE6A0DB92A6E00510056E246 /* Release */ = {
			isa = XCBuildConfiguration;
			buildSettings = {
				ALWAYS_SEARCH_USER_PATHS = NO;
				CLANG_ANALYZER_NONNULL = YES;
				CLANG_ANALYZER_NUMBER_OBJECT_CONVERSION = YES_AGGRESSIVE;
				CLANG_CXX_LANGUAGE_STANDARD = "gnu++20";
				CLANG_ENABLE_MODULES = YES;
				CLANG_ENABLE_OBJC_ARC = YES;
				CLANG_ENABLE_OBJC_WEAK = YES;
				CLANG_WARN_BLOCK_CAPTURE_AUTORELEASING = YES;
				CLANG_WARN_BOOL_CONVERSION = YES;
				CLANG_WARN_COMMA = YES;
				CLANG_WARN_CONSTANT_CONVERSION = YES;
				CLANG_WARN_DEPRECATED_OBJC_IMPLEMENTATIONS = YES;
				CLANG_WARN_DIRECT_OBJC_ISA_USAGE = YES_ERROR;
				CLANG_WARN_DOCUMENTATION_COMMENTS = YES;
				CLANG_WARN_EMPTY_BODY = YES;
				CLANG_WARN_ENUM_CONVERSION = YES;
				CLANG_WARN_INFINITE_RECURSION = YES;
				CLANG_WARN_INT_CONVERSION = YES;
				CLANG_WARN_NON_LITERAL_NULL_CONVERSION = YES;
				CLANG_WARN_OBJC_IMPLICIT_RETAIN_SELF = YES;
				CLANG_WARN_OBJC_LITERAL_CONVERSION = YES;
				CLANG_WARN_OBJC_ROOT_CLASS = YES_ERROR;
				CLANG_WARN_QUOTED_INCLUDE_IN_FRAMEWORK_HEADER = YES;
				CLANG_WARN_RANGE_LOOP_ANALYSIS = YES;
				CLANG_WARN_STRICT_PROTOTYPES = YES;
				CLANG_WARN_SUSPICIOUS_MOVE = YES;
				CLANG_WARN_UNGUARDED_AVAILABILITY = YES_AGGRESSIVE;
				CLANG_WARN_UNREACHABLE_CODE = YES;
				CLANG_WARN__DUPLICATE_METHOD_MATCH = YES;
				COPY_PHASE_STRIP = NO;
				DEBUG_INFORMATION_FORMAT = "dwarf-with-dsym";
				ENABLE_NS_ASSERTIONS = NO;
				ENABLE_STRICT_OBJC_MSGSEND = YES;
				GCC_C_LANGUAGE_STANDARD = gnu11;
				GCC_NO_COMMON_BLOCKS = YES;
				GCC_WARN_64_TO_32_BIT_CONVERSION = YES;
				GCC_WARN_ABOUT_RETURN_TYPE = YES_ERROR;
				GCC_WARN_UNDECLARED_SELECTOR = YES;
				GCC_WARN_UNINITIALIZED_AUTOS = YES_AGGRESSIVE;
				GCC_WARN_UNUSED_FUNCTION = YES;
				GCC_WARN_UNUSED_VARIABLE = YES;
				IPHONEOS_DEPLOYMENT_TARGET = 16.4;
				MTL_ENABLE_DEBUG_INFO = NO;
				MTL_FAST_MATH = YES;
				SDKROOT = iphoneos;
				SWIFT_COMPILATION_MODE = wholemodule;
				SWIFT_OPTIMIZATION_LEVEL = "-O";
				VALIDATE_PRODUCT = YES;
			};
			name = Release;
		};
		DE6A0DBB2A6E00510056E246 /* Debug */ = {
			isa = XCBuildConfiguration;
			buildSettings = {
				ASSETCATALOG_COMPILER_APPICON_NAME = AppIcon;
				ASSETCATALOG_COMPILER_GLOBAL_ACCENT_COLOR_NAME = AccentColor;
				CODE_SIGN_STYLE = Automatic;
				CURRENT_PROJECT_VERSION = 1;
				DEVELOPMENT_TEAM = GUMX7V8H36;
				GENERATE_INFOPLIST_FILE = YES;
				INFOPLIST_FILE = MapPicture/Info.plist;
				INFOPLIST_KEY_UIApplicationSupportsIndirectInputEvents = YES;
				INFOPLIST_KEY_UILaunchStoryboardName = LaunchScreen;
				INFOPLIST_KEY_UIMainStoryboardFile = Main;
				INFOPLIST_KEY_UISupportedInterfaceOrientations_iPad = "UIInterfaceOrientationPortrait UIInterfaceOrientationPortraitUpsideDown UIInterfaceOrientationLandscapeLeft UIInterfaceOrientationLandscapeRight";
				INFOPLIST_KEY_UISupportedInterfaceOrientations_iPhone = "UIInterfaceOrientationPortrait UIInterfaceOrientationLandscapeLeft UIInterfaceOrientationLandscapeRight";
				LD_RUNPATH_SEARCH_PATHS = (
					"$(inherited)",
					"@executable_path/Frameworks",
				);
				MARKETING_VERSION = 1.0;
				PRODUCT_BUNDLE_IDENTIFIER = com.douknow.MapPicture;
				PRODUCT_NAME = "$(TARGET_NAME)";
				SWIFT_EMIT_LOC_STRINGS = YES;
				SWIFT_VERSION = 5.0;
				TARGETED_DEVICE_FAMILY = "1,2";
			};
			name = Debug;
		};
		DE6A0DBC2A6E00510056E246 /* Release */ = {
			isa = XCBuildConfiguration;
			buildSettings = {
				ASSETCATALOG_COMPILER_APPICON_NAME = AppIcon;
				ASSETCATALOG_COMPILER_GLOBAL_ACCENT_COLOR_NAME = AccentColor;
				CODE_SIGN_STYLE = Automatic;
				CURRENT_PROJECT_VERSION = 1;
				DEVELOPMENT_TEAM = GUMX7V8H36;
				GENERATE_INFOPLIST_FILE = YES;
				INFOPLIST_FILE = MapPicture/Info.plist;
				INFOPLIST_KEY_UIApplicationSupportsIndirectInputEvents = YES;
				INFOPLIST_KEY_UILaunchStoryboardName = LaunchScreen;
				INFOPLIST_KEY_UIMainStoryboardFile = Main;
				INFOPLIST_KEY_UISupportedInterfaceOrientations_iPad = "UIInterfaceOrientationPortrait UIInterfaceOrientationPortraitUpsideDown UIInterfaceOrientationLandscapeLeft UIInterfaceOrientationLandscapeRight";
				INFOPLIST_KEY_UISupportedInterfaceOrientations_iPhone = "UIInterfaceOrientationPortrait UIInterfaceOrientationLandscapeLeft UIInterfaceOrientationLandscapeRight";
				LD_RUNPATH_SEARCH_PATHS = (
					"$(inherited)",
					"@executable_path/Frameworks",
				);
				MARKETING_VERSION = 1.0;
				PRODUCT_BUNDLE_IDENTIFIER = com.douknow.MapPicture;
				PRODUCT_NAME = "$(TARGET_NAME)";
				SWIFT_EMIT_LOC_STRINGS = YES;
				SWIFT_VERSION = 5.0;
				TARGETED_DEVICE_FAMILY = "1,2";
			};
			name = Release;
		};
/* End XCBuildConfiguration section */

/* Begin XCConfigurationList section */
		DE6A0DA12A6E00500056E246 /* Build configuration list for PBXProject "MapPicture" */ = {
			isa = XCConfigurationList;
			buildConfigurations = (
				DE6A0DB82A6E00510056E246 /* Debug */,
				DE6A0DB92A6E00510056E246 /* Release */,
			);
			defaultConfigurationIsVisible = 0;
			defaultConfigurationName = Release;
		};
		DE6A0DBA2A6E00510056E246 /* Build configuration list for PBXNativeTarget "MapPicture" */ = {
			isa = XCConfigurationList;
			buildConfigurations = (
				DE6A0DBB2A6E00510056E246 /* Debug */,
				DE6A0DBC2A6E00510056E246 /* Release */,
			);
			defaultConfigurationIsVisible = 0;
			defaultConfigurationName = Release;
		};
/* End XCConfigurationList section */
	};
	rootObject = DE6A0D9E2A6E00500056E246 /* Project object */;
}
